
Microsoft Visual Studio Solution File, Format Version 12.00
# Visual Studio Version 16
VisualStudioVersion = 16.0.31624.102
MinimumVisualStudioVersion = 10.0.40219.1
Project("{FAE04EC0-301F-11D3-BF4B-00C04F79EFBC}") = "Site", "Site\Site.csproj", "{FAF51388-7FB7-4492-BA9C-18138196F1B2}"
EndProject
Global
	GlobalSection(SolutionConfigurationPlatforms) = preSolution
		Debug|Any CPU = Debug|Any CPU
		Release|Any CPU = Release|Any CPU
	EndGlobalSection
	GlobalSection(ProjectConfigurationPlatforms) = postSolution
		{FAF51388-7FB7-4492-BA9C-18138196F1B2}.Debug|Any CPU.ActiveCfg = Debug|Any CPU
		{FAF51388-7FB7-4492-BA9C-18138196F1B2}.Debug|Any CPU.Build.0 = Debug|Any CPU
		{FAF51388-7FB7-4492-BA9C-18138196F1B2}.Release|Any CPU.ActiveCfg = Release|Any CPU
		{FAF51388-7FB7-4492-BA9C-18138196F1B2}.Release|Any CPU.Build.0 = Release|Any CPU
	EndGlobalSection
	GlobalSection(SolutionProperties) = preSolution
		HideSolutionNode = FALSE
	EndGlobalSection
	GlobalSection(ExtensibilityGlobals) = postSolution
		SolutionGuid = {208C6B7B-B7D8-4CAC-9C55-C47829821369}
	EndGlobalSection
EndGlobal
