
Microsoft Visual Studio Solution File, Format Version 12.00
# Visual Studio Version 16
VisualStudioVersion = 16.0.31410.357
MinimumVisualStudioVersion = 10.0.40219.1
Project("{FAE04EC0-301F-11D3-BF4B-00C04F79EFBC}") = "Site_de_Gestão", "Site_de_Gestão\Site_de_Gestão.csproj", "{CFB4887B-C98A-4636-9054-A87C3F5FDE3D}"
EndProject
Global
	GlobalSection(SolutionConfigurationPlatforms) = preSolution
		Debug|Any CPU = Debug|Any CPU
		Release|Any CPU = Release|Any CPU
	EndGlobalSection
	GlobalSection(ProjectConfigurationPlatforms) = postSolution
		{CFB4887B-C98A-4636-9054-A87C3F5FDE3D}.Debug|Any CPU.ActiveCfg = Debug|Any CPU
		{CFB4887B-C98A-4636-9054-A87C3F5FDE3D}.Debug|Any CPU.Build.0 = Debug|Any CPU
		{CFB4887B-C98A-4636-9054-A87C3F5FDE3D}.Release|Any CPU.ActiveCfg = Release|Any CPU
		{CFB4887B-C98A-4636-9054-A87C3F5FDE3D}.Release|Any CPU.Build.0 = Release|Any CPU
	EndGlobalSection
	GlobalSection(SolutionProperties) = preSolution
		HideSolutionNode = FALSE
	EndGlobalSection
	GlobalSection(ExtensibilityGlobals) = postSolution
		SolutionGuid = {3D421B97-F64B-4A73-A85F-DBF59E375BD1}
	EndGlobalSection
EndGlobal
